
Microsoft Visual Studio Solution File, Format Version 12.00
# Visual Studio Version 16
VisualStudioVersion = 16.0.30517.126
MinimumVisualStudioVersion = 10.0.40219.1
Project("{FAE04EC0-301F-11D3-BF4B-00C04F79EFBC}") = "KeralaShopHub.UWP", "KeralaShopHub.UWP\KeralaShopHub.UWP.csproj", "{A2736507-7B0B-4F84-8105-09A2DF0C6281}"
EndProject
Project("{FAE04EC0-301F-11D3-BF4B-00C04F79EFBC}") = "KeralaShopHub.Android", "KeralaShopHub.Android\KeralaShopHub.Android.csproj", "{D8CDD12A-233B-437D-A1CF-C3700DC30512}"
EndProject
Project("{FAE04EC0-301F-11D3-BF4B-00C04F79EFBC}") = "KeralaShopHub.iOS", "KeralaShopHub.iOS\KeralaShopHub.iOS.csproj", "{203D112E-177C-4872-9192-38533F56D3B6}"
EndProject
Project("{FAE04EC0-301F-11D3-BF4B-00C04F79EFBC}") = "KeralaShopHub", "KeralaShopHub\KeralaShopHub.csproj", "{3330FC3A-C105-4C87-B29E-1A95026F08F0}"
EndProject
Global
	GlobalSection(SolutionConfigurationPlatforms) = preSolution
		Debug|Any CPU = Debug|Any CPU
		Debug|ARM = Debug|ARM
		Debug|iPhone = Debug|iPhone
		Debug|iPhoneSimulator = Debug|iPhoneSimulator
		Debug|x64 = Debug|x64
		Debug|x86 = Debug|x86
		Release|Any CPU = Release|Any CPU
		Release|ARM = Release|ARM
		Release|iPhone = Release|iPhone
		Release|iPhoneSimulator = Release|iPhoneSimulator
		Release|x64 = Release|x64
		Release|x86 = Release|x86
	EndGlobalSection
	GlobalSection(ProjectConfigurationPlatforms) = postSolution
		{A2736507-7B0B-4F84-8105-09A2DF0C6281}.Debug|Any CPU.ActiveCfg = Debug|x86
		{A2736507-7B0B-4F84-8105-09A2DF0C6281}.Debug|Any CPU.Build.0 = Debug|x86
		{A2736507-7B0B-4F84-8105-09A2DF0C6281}.Debug|Any CPU.Deploy.0 = Debug|x86
		{A2736507-7B0B-4F84-8105-09A2DF0C6281}.Debug|ARM.ActiveCfg = Debug|ARM
		{A2736507-7B0B-4F84-8105-09A2DF0C6281}.Debug|ARM.Build.0 = Debug|ARM
		{A2736507-7B0B-4F84-8105-09A2DF0C6281}.Debug|ARM.Deploy.0 = Debug|ARM
		{A2736507-7B0B-4F84-8105-09A2DF0C6281}.Debug|iPhone.ActiveCfg = Debug|x86
		{A2736507-7B0B-4F84-8105-09A2DF0C6281}.Debug|iPhone.Build.0 = Debug|x86
		{A2736507-7B0B-4F84-8105-09A2DF0C6281}.Debug|iPhone.Deploy.0 = Debug|x86
		{A2736507-7B0B-4F84-8105-09A2DF0C6281}.Debug|iPhoneSimulator.ActiveCfg = Debug|x86
		{A2736507-7B0B-4F84-8105-09A2DF0C6281}.Debug|iPhoneSimulator.Build.0 = Debug|x86
		{A2736507-7B0B-4F84-8105-09A2DF0C6281}.Debug|iPhoneSimulator.Deploy.0 = Debug|x86
		{A2736507-7B0B-4F84-8105-09A2DF0C6281}.Debug|x64.ActiveCfg = Debug|x64
		{A2736507-7B0B-4F84-8105-09A2DF0C6281}.Debug|x64.Build.0 = Debug|x64
		{A2736507-7B0B-4F84-8105-09A2DF0C6281}.Debug|x64.Deploy.0 = Debug|x64
		{A2736507-7B0B-4F84-8105-09A2DF0C6281}.Debug|x86.ActiveCfg = Debug|x64
		{A2736507-7B0B-4F84-8105-09A2DF0C6281}.Debug|x86.Build.0 = Debug|x64
		{A2736507-7B0B-4F84-8105-09A2DF0C6281}.Debug|x86.Deploy.0 = Debug|x64
		{A2736507-7B0B-4F84-8105-09A2DF0C6281}.Release|Any CPU.ActiveCfg = Release|x86
		{A2736507-7B0B-4F84-8105-09A2DF0C6281}.Release|Any CPU.Build.0 = Release|x86
		{A2736507-7B0B-4F84-8105-09A2DF0C6281}.Release|Any CPU.Deploy.0 = Release|x86
		{A2736507-7B0B-4F84-8105-09A2DF0C6281}.Release|ARM.ActiveCfg = Release|ARM
		{A2736507-7B0B-4F84-8105-09A2DF0C6281}.Release|ARM.Build.0 = Release|ARM
		{A2736507-7B0B-4F84-8105-09A2DF0C6281}.Release|ARM.Deploy.0 = Release|ARM
		{A2736507-7B0B-4F84-8105-09A2DF0C6281}.Release|iPhone.ActiveCfg = Release|x86
		{A2736507-7B0B-4F84-8105-09A2DF0C6281}.Release|iPhone.Build.0 = Release|x86
		{A2736507-7B0B-4F84-8105-09A2DF0C6281}.Release|iPhone.Deploy.0 = Release|x86
		{A2736507-7B0B-4F84-8105-09A2DF0C6281}.Release|iPhoneSimulator.ActiveCfg = Release|x86
		{A2736507-7B0B-4F84-8105-09A2DF0C6281}.Release|iPhoneSimulator.Build.0 = Release|x86
		{A2736507-7B0B-4F84-8105-09A2DF0C6281}.Release|iPhoneSimulator.Deploy.0 = Release|x86
		{A2736507-7B0B-4F84-8105-09A2DF0C6281}.Release|x64.ActiveCfg = Release|x64
		{A2736507-7B0B-4F84-8105-09A2DF0C6281}.Release|x64.Build.0 = Release|x64
		{A2736507-7B0B-4F84-8105-09A2DF0C6281}.Release|x64.Deploy.0 = Release|x64
		{A2736507-7B0B-4F84-8105-09A2DF0C6281}.Release|x86.ActiveCfg = Release|x86
		{A2736507-7B0B-4F84-8105-09A2DF0C6281}.Release|x86.Build.0 = Release|x86
		{A2736507-7B0B-4F84-8105-09A2DF0C6281}.Release|x86.Deploy.0 = Release|x86
		{D8CDD12A-233B-437D-A1CF-C3700DC30512}.Debug|Any CPU.ActiveCfg = Debug|Any CPU
		{D8CDD12A-233B-437D-A1CF-C3700DC30512}.Debug|Any CPU.Build.0 = Debug|Any CPU
		{D8CDD12A-233B-437D-A1CF-C3700DC30512}.Debug|Any CPU.Deploy.0 = Debug|Any CPU
		{D8CDD12A-233B-437D-A1CF-C3700DC30512}.Debug|ARM.ActiveCfg = Debug|Any CPU
		{D8CDD12A-233B-437D-A1CF-C3700DC30512}.Debug|ARM.Build.0 = Debug|Any CPU
		{D8CDD12A-233B-437D-A1CF-C3700DC30512}.Debug|ARM.Deploy.0 = Debug|Any CPU
		{D8CDD12A-233B-437D-A1CF-C3700DC30512}.Debug|iPhone.ActiveCfg = Debug|Any CPU
		{D8CDD12A-233B-437D-A1CF-C3700DC30512}.Debug|iPhone.Build.0 = Debug|Any CPU
		{D8CDD12A-233B-437D-A1CF-C3700DC30512}.Debug|iPhone.Deploy.0 = Debug|Any CPU
		{D8CDD12A-233B-437D-A1CF-C3700DC30512}.Debug|iPhoneSimulator.ActiveCfg = Debug|Any CPU
		{D8CDD12A-233B-437D-A1CF-C3700DC30512}.Debug|iPhoneSimulator.Build.0 = Debug|Any CPU
		{D8CDD12A-233B-437D-A1CF-C3700DC30512}.Debug|iPhoneSimulator.Deploy.0 = Debug|Any CPU
		{D8CDD12A-233B-437D-A1CF-C3700DC30512}.Debug|x64.ActiveCfg = Debug|Any CPU
		{D8CDD12A-233B-437D-A1CF-C3700DC30512}.Debug|x64.Build.0 = Debug|Any CPU
		{D8CDD12A-233B-437D-A1CF-C3700DC30512}.Debug|x64.Deploy.0 = Debug|Any CPU
		{D8CDD12A-233B-437D-A1CF-C3700DC30512}.Debug|x86.ActiveCfg = Debug|Any CPU
		{D8CDD12A-233B-437D-A1CF-C3700DC30512}.Debug|x86.Build.0 = Debug|Any CPU
		{D8CDD12A-233B-437D-A1CF-C3700DC30512}.Debug|x86.Deploy.0 = Debug|Any CPU
		{D8CDD12A-233B-437D-A1CF-C3700DC30512}.Release|Any CPU.ActiveCfg = Release|Any CPU
		{D8CDD12A-233B-437D-A1CF-C3700DC30512}.Release|Any CPU.Build.0 = Release|Any CPU
		{D8CDD12A-233B-437D-A1CF-C3700DC30512}.Release|Any CPU.Deploy.0 = Release|Any CPU
		{D8CDD12A-233B-437D-A1CF-C3700DC30512}.Release|ARM.ActiveCfg = Release|Any CPU
		{D8CDD12A-233B-437D-A1CF-C3700DC30512}.Release|ARM.Build.0 = Release|Any CPU
		{D8CDD12A-233B-437D-A1CF-C3700DC30512}.Release|ARM.Deploy.0 = Release|Any CPU
		{D8CDD12A-233B-437D-A1CF-C3700DC30512}.Release|iPhone.ActiveCfg = Release|Any CPU
		{D8CDD12A-233B-437D-A1CF-C3700DC30512}.Release|iPhone.Build.0 = Release|Any CPU
		{D8CDD12A-233B-437D-A1CF-C3700DC30512}.Release|iPhone.Deploy.0 = Release|Any CPU
		{D8CDD12A-233B-437D-A1CF-C3700DC30512}.Release|iPhoneSimulator.ActiveCfg = Release|Any CPU
		{D8CDD12A-233B-437D-A1CF-C3700DC30512}.Release|iPhoneSimulator.Build.0 = Release|Any CPU
		{D8CDD12A-233B-437D-A1CF-C3700DC30512}.Release|iPhoneSimulator.Deploy.0 = Release|Any CPU
		{D8CDD12A-233B-437D-A1CF-C3700DC30512}.Release|x64.ActiveCfg = Release|Any CPU
		{D8CDD12A-233B-437D-A1CF-C3700DC30512}.Release|x64.Build.0 = Release|Any CPU
		{D8CDD12A-233B-437D-A1CF-C3700DC30512}.Release|x64.Deploy.0 = Release|Any CPU
		{D8CDD12A-233B-437D-A1CF-C3700DC30512}.Release|x86.ActiveCfg = Release|Any CPU
		{D8CDD12A-233B-437D-A1CF-C3700DC30512}.Release|x86.Build.0 = Release|Any CPU
		{D8CDD12A-233B-437D-A1CF-C3700DC30512}.Release|x86.Deploy.0 = Release|Any CPU
		{203D112E-177C-4872-9192-38533F56D3B6}.Debug|Any CPU.ActiveCfg = Debug|iPhoneSimulator
		{203D112E-177C-4872-9192-38533F56D3B6}.Debug|Any CPU.Build.0 = Debug|iPhoneSimulator
		{203D112E-177C-4872-9192-38533F56D3B6}.Debug|Any CPU.Deploy.0 = Debug|iPhoneSimulator
		{203D112E-177C-4872-9192-38533F56D3B6}.Debug|ARM.ActiveCfg = Debug|iPhone
		{203D112E-177C-4872-9192-38533F56D3B6}.Debug|ARM.Build.0 = Debug|iPhone
		{203D112E-177C-4872-9192-38533F56D3B6}.Debug|ARM.Deploy.0 = Debug|iPhone
		{203D112E-177C-4872-9192-38533F56D3B6}.Debug|iPhone.ActiveCfg = Debug|iPhone
		{203D112E-177C-4872-9192-38533F56D3B6}.Debug|iPhone.Build.0 = Debug|iPhone
		{203D112E-177C-4872-9192-38533F56D3B6}.Debug|iPhone.Deploy.0 = Debug|iPhone
		{203D112E-177C-4872-9192-38533F56D3B6}.Debug|iPhoneSimulator.ActiveCfg = Debug|iPhoneSimulator
		{203D112E-177C-4872-9192-38533F56D3B6}.Debug|iPhoneSimulator.Build.0 = Debug|iPhoneSimulator
		{203D112E-177C-4872-9192-38533F56D3B6}.Debug|iPhoneSimulator.Deploy.0 = Debug|iPhoneSimulator
		{203D112E-177C-4872-9192-38533F56D3B6}.Debug|x64.ActiveCfg = Debug|iPhoneSimulator
		{203D112E-177C-4872-9192-38533F56D3B6}.Debug|x64.Build.0 = Debug|iPhoneSimulator
		{203D112E-177C-4872-9192-38533F56D3B6}.Debug|x64.Deploy.0 = Debug|iPhoneSimulator
		{203D112E-177C-4872-9192-38533F56D3B6}.Debug|x86.ActiveCfg = Debug|iPhoneSimulator
		{203D112E-177C-4872-9192-38533F56D3B6}.Debug|x86.Build.0 = Debug|iPhoneSimulator
		{203D112E-177C-4872-9192-38533F56D3B6}.Debug|x86.Deploy.0 = Debug|iPhoneSimulator
		{203D112E-177C-4872-9192-38533F56D3B6}.Release|Any CPU.ActiveCfg = Release|iPhoneSimulator
		{203D112E-177C-4872-9192-38533F56D3B6}.Release|Any CPU.Build.0 = Release|iPhoneSimulator
		{203D112E-177C-4872-9192-38533F56D3B6}.Release|Any CPU.Deploy.0 = Release|iPhoneSimulator
		{203D112E-177C-4872-9192-38533F56D3B6}.Release|ARM.ActiveCfg = Release|iPhoneSimulator
		{203D112E-177C-4872-9192-38533F56D3B6}.Release|ARM.Build.0 = Release|iPhoneSimulator
		{203D112E-177C-4872-9192-38533F56D3B6}.Release|ARM.Deploy.0 = Release|iPhoneSimulator
		{203D112E-177C-4872-9192-38533F56D3B6}.Release|iPhone.ActiveCfg = Release|iPhone
		{203D112E-177C-4872-9192-38533F56D3B6}.Release|iPhone.Build.0 = Release|iPhone
		{203D112E-177C-4872-9192-38533F56D3B6}.Release|iPhone.Deploy.0 = Release|iPhone
		{203D112E-177C-4872-9192-38533F56D3B6}.Release|iPhoneSimulator.ActiveCfg = Release|iPhoneSimulator
		{203D112E-177C-4872-9192-38533F56D3B6}.Release|iPhoneSimulator.Build.0 = Release|iPhoneSimulator
		{203D112E-177C-4872-9192-38533F56D3B6}.Release|iPhoneSimulator.Deploy.0 = Release|iPhoneSimulator
		{203D112E-177C-4872-9192-38533F56D3B6}.Release|x64.ActiveCfg = Release|iPhoneSimulator
		{203D112E-177C-4872-9192-38533F56D3B6}.Release|x64.Build.0 = Release|iPhoneSimulator
		{203D112E-177C-4872-9192-38533F56D3B6}.Release|x64.Deploy.0 = Release|iPhoneSimulator
		{203D112E-177C-4872-9192-38533F56D3B6}.Release|x86.ActiveCfg = Release|iPhoneSimulator
		{203D112E-177C-4872-9192-38533F56D3B6}.Release|x86.Build.0 = Release|iPhoneSimulator
		{203D112E-177C-4872-9192-38533F56D3B6}.Release|x86.Deploy.0 = Release|iPhoneSimulator
		{3330FC3A-C105-4C87-B29E-1A95026F08F0}.Debug|Any CPU.ActiveCfg = Debug|Any CPU
		{3330FC3A-C105-4C87-B29E-1A95026F08F0}.Debug|Any CPU.Build.0 = Debug|Any CPU
		{3330FC3A-C105-4C87-B29E-1A95026F08F0}.Debug|Any CPU.Deploy.0 = Debug|Any CPU
		{3330FC3A-C105-4C87-B29E-1A95026F08F0}.Debug|ARM.ActiveCfg = Debug|Any CPU
		{3330FC3A-C105-4C87-B29E-1A95026F08F0}.Debug|ARM.Build.0 = Debug|Any CPU
		{3330FC3A-C105-4C87-B29E-1A95026F08F0}.Debug|ARM.Deploy.0 = Debug|Any CPU
		{3330FC3A-C105-4C87-B29E-1A95026F08F0}.Debug|iPhone.ActiveCfg = Debug|Any CPU
		{3330FC3A-C105-4C87-B29E-1A95026F08F0}.Debug|iPhone.Build.0 = Debug|Any CPU
		{3330FC3A-C105-4C87-B29E-1A95026F08F0}.Debug|iPhone.Deploy.0 = Debug|Any CPU
		{3330FC3A-C105-4C87-B29E-1A95026F08F0}.Debug|iPhoneSimulator.ActiveCfg = Debug|Any CPU
		{3330FC3A-C105-4C87-B29E-1A95026F08F0}.Debug|iPhoneSimulator.Build.0 = Debug|Any CPU
		{3330FC3A-C105-4C87-B29E-1A95026F08F0}.Debug|iPhoneSimulator.Deploy.0 = Debug|Any CPU
		{3330FC3A-C105-4C87-B29E-1A95026F08F0}.Debug|x64.ActiveCfg = Debug|Any CPU
		{3330FC3A-C105-4C87-B29E-1A95026F08F0}.Debug|x64.Build.0 = Debug|Any CPU
		{3330FC3A-C105-4C87-B29E-1A95026F08F0}.Debug|x64.Deploy.0 = Debug|Any CPU
		{3330FC3A-C105-4C87-B29E-1A95026F08F0}.Debug|x86.ActiveCfg = Debug|Any CPU
		{3330FC3A-C105-4C87-B29E-1A95026F08F0}.Debug|x86.Build.0 = Debug|Any CPU
		{3330FC3A-C105-4C87-B29E-1A95026F08F0}.Debug|x86.Deploy.0 = Debug|Any CPU
		{3330FC3A-C105-4C87-B29E-1A95026F08F0}.Release|Any CPU.ActiveCfg = Release|Any CPU
		{3330FC3A-C105-4C87-B29E-1A95026F08F0}.Release|Any CPU.Build.0 = Release|Any CPU
		{3330FC3A-C105-4C87-B29E-1A95026F08F0}.Release|Any CPU.Deploy.0 = Release|Any CPU
		{3330FC3A-C105-4C87-B29E-1A95026F08F0}.Release|ARM.ActiveCfg = Release|Any CPU
		{3330FC3A-C105-4C87-B29E-1A95026F08F0}.Release|ARM.Build.0 = Release|Any CPU
		{3330FC3A-C105-4C87-B29E-1A95026F08F0}.Release|ARM.Deploy.0 = Release|Any CPU
		{3330FC3A-C105-4C87-B29E-1A95026F08F0}.Release|iPhone.ActiveCfg = Release|Any CPU
		{3330FC3A-C105-4C87-B29E-1A95026F08F0}.Release|iPhone.Build.0 = Release|Any CPU
		{3330FC3A-C105-4C87-B29E-1A95026F08F0}.Release|iPhone.Deploy.0 = Release|Any CPU
		{3330FC3A-C105-4C87-B29E-1A95026F08F0}.Release|iPhoneSimulator.ActiveCfg = Release|Any CPU
		{3330FC3A-C105-4C87-B29E-1A95026F08F0}.Release|iPhoneSimulator.Build.0 = Release|Any CPU
		{3330FC3A-C105-4C87-B29E-1A95026F08F0}.Release|iPhoneSimulator.Deploy.0 = Release|Any CPU
		{3330FC3A-C105-4C87-B29E-1A95026F08F0}.Release|x64.ActiveCfg = Release|Any CPU
		{3330FC3A-C105-4C87-B29E-1A95026F08F0}.Release|x64.Build.0 = Release|Any CPU
		{3330FC3A-C105-4C87-B29E-1A95026F08F0}.Release|x64.Deploy.0 = Release|Any CPU
		{3330FC3A-C105-4C87-B29E-1A95026F08F0}.Release|x86.ActiveCfg = Release|Any CPU
		{3330FC3A-C105-4C87-B29E-1A95026F08F0}.Release|x86.Build.0 = Release|Any CPU
		{3330FC3A-C105-4C87-B29E-1A95026F08F0}.Release|x86.Deploy.0 = Release|Any CPU
	EndGlobalSection
	GlobalSection(SolutionProperties) = preSolution
		HideSolutionNode = FALSE
	EndGlobalSection
	GlobalSection(ExtensibilityGlobals) = postSolution
		SolutionGuid = {A0E94D6E-C790-4683-BAE3-700484F43B9B}
	EndGlobalSection
EndGlobal
